
Microsoft Visual Studio Solution File, Format Version 12.00
# Visual Studio Version 16
VisualStudioVersion = 16.0.30114.105
MinimumVisualStudioVersion = 10.0.40219.1
Project("{FAE04EC0-301F-11D3-BF4B-00C04F79EFBC}") = "promise", "promise\promise.csproj", "{8D3DE7DB-8320-4CE5-BFD3-40D9EE0456B5}"
EndProject
Project("{FAE04EC0-301F-11D3-BF4B-00C04F79EFBC}") = "example", "example\example.csproj", "{C87DFA72-5742-42BD-A065-2883F583EC0C}"
EndProject
Global
	GlobalSection(SolutionConfigurationPlatforms) = preSolution
		Debug|Any CPU = Debug|Any CPU
		Debug|x64 = Debug|x64
		Debug|x86 = Debug|x86
		Release|Any CPU = Release|Any CPU
		Release|x64 = Release|x64
		Release|x86 = Release|x86
	EndGlobalSection
	GlobalSection(SolutionProperties) = preSolution
		HideSolutionNode = FALSE
	EndGlobalSection
	GlobalSection(ProjectConfigurationPlatforms) = postSolution
		{8D3DE7DB-8320-4CE5-BFD3-40D9EE0456B5}.Debug|Any CPU.ActiveCfg = Debug|Any CPU
		{8D3DE7DB-8320-4CE5-BFD3-40D9EE0456B5}.Debug|Any CPU.Build.0 = Debug|Any CPU
		{8D3DE7DB-8320-4CE5-BFD3-40D9EE0456B5}.Debug|x64.ActiveCfg = Debug|Any CPU
		{8D3DE7DB-8320-4CE5-BFD3-40D9EE0456B5}.Debug|x64.Build.0 = Debug|Any CPU
		{8D3DE7DB-8320-4CE5-BFD3-40D9EE0456B5}.Debug|x86.ActiveCfg = Debug|Any CPU
		{8D3DE7DB-8320-4CE5-BFD3-40D9EE0456B5}.Debug|x86.Build.0 = Debug|Any CPU
		{8D3DE7DB-8320-4CE5-BFD3-40D9EE0456B5}.Release|Any CPU.ActiveCfg = Release|Any CPU
		{8D3DE7DB-8320-4CE5-BFD3-40D9EE0456B5}.Release|Any CPU.Build.0 = Release|Any CPU
		{8D3DE7DB-8320-4CE5-BFD3-40D9EE0456B5}.Release|x64.ActiveCfg = Release|Any CPU
		{8D3DE7DB-8320-4CE5-BFD3-40D9EE0456B5}.Release|x64.Build.0 = Release|Any CPU
		{8D3DE7DB-8320-4CE5-BFD3-40D9EE0456B5}.Release|x86.ActiveCfg = Release|Any CPU
		{8D3DE7DB-8320-4CE5-BFD3-40D9EE0456B5}.Release|x86.Build.0 = Release|Any CPU
		{C87DFA72-5742-42BD-A065-2883F583EC0C}.Debug|Any CPU.ActiveCfg = Debug|Any CPU
		{C87DFA72-5742-42BD-A065-2883F583EC0C}.Debug|Any CPU.Build.0 = Debug|Any CPU
		{C87DFA72-5742-42BD-A065-2883F583EC0C}.Debug|x64.ActiveCfg = Debug|Any CPU
		{C87DFA72-5742-42BD-A065-2883F583EC0C}.Debug|x64.Build.0 = Debug|Any CPU
		{C87DFA72-5742-42BD-A065-2883F583EC0C}.Debug|x86.ActiveCfg = Debug|Any CPU
		{C87DFA72-5742-42BD-A065-2883F583EC0C}.Debug|x86.Build.0 = Debug|Any CPU
		{C87DFA72-5742-42BD-A065-2883F583EC0C}.Release|Any CPU.ActiveCfg = Release|Any CPU
		{C87DFA72-5742-42BD-A065-2883F583EC0C}.Release|Any CPU.Build.0 = Release|Any CPU
		{C87DFA72-5742-42BD-A065-2883F583EC0C}.Release|x64.ActiveCfg = Release|Any CPU
		{C87DFA72-5742-42BD-A065-2883F583EC0C}.Release|x64.Build.0 = Release|Any CPU
		{C87DFA72-5742-42BD-A065-2883F583EC0C}.Release|x86.ActiveCfg = Release|Any CPU
		{C87DFA72-5742-42BD-A065-2883F583EC0C}.Release|x86.Build.0 = Release|Any CPU
	EndGlobalSection
EndGlobal
